
Microsoft Visual Studio Solution File, Format Version 12.00
# Visual Studio Version 17
VisualStudioVersion = 17.0.31903.59
MinimumVisualStudioVersion = 10.0.40219.1
Project("{2150E333-8FDC-42A3-9474-1A3956D46DE8}") = "src", "src", "{02EA681E-C7D8-13C7-8484-4AC65E1B71E8}"
EndProject
Project("{2150E333-8FDC-42A3-9474-1A3956D46DE8}") = "test", "test", "{8A3FD60B-8552-4959-9F28-D62E6446DB79}"
EndProject
Project("{2150E333-8FDC-42A3-9474-1A3956D46DE8}") = "docs", "docs", "{828CDDAD-C14E-4B51-B0CC-E1E413A48F44}"
	ProjectSection(SolutionItems) = preProject
		README.md = README.md
	EndProjectSection
EndProject
Project("{2150E333-8FDC-42A3-9474-1A3956D46DE8}") = "local-dev", "local-dev", "{7BD3BB09-31D6-4DDA-8623-38FC7B027FDC}"
	ProjectSection(SolutionItems) = preProject
		.editorconfig = .editorconfig
		.gitattributes = .gitattributes
		.gitignore = .gitignore
		commitlint.config.js = commitlint.config.js
		package.json = package.json
		run-dotnet-commands.sh = run-dotnet-commands.sh
	EndProjectSection
EndProject
Project("{FAE04EC0-301F-11D3-BF4B-00C04F79EFBC}") = "Bookify.Domain", "Bookify.Domain\Bookify.Domain.csproj", "{69477A50-3F80-4C51-B5E7-24CFBC0854F3}"
EndProject
Project("{FAE04EC0-301F-11D3-BF4B-00C04F79EFBC}") = "Bookify.Domain.Tests", "Bookify.Domain.Tests\Bookify.Domain.Tests.csproj", "{7A8ED386-8D3A-4C33-B0BC-3374748850AE}"
EndProject
Project("{FAE04EC0-301F-11D3-BF4B-00C04F79EFBC}") = "Bookify.Results", "Bookify.Results\Bookify.Results.csproj", "{8EEA8E11-1DC1-4B79-9F35-DF6433450783}"
EndProject
Project("{FAE04EC0-301F-11D3-BF4B-00C04F79EFBC}") = "Bookify.ArchitectureTests", "Bookify.ArchitectureTests\Bookify.ArchitectureTests.csproj", "{781641B2-2EF1-4CF3-B02A-2FD11EA7C25A}"
EndProject
Project("{FAE04EC0-301F-11D3-BF4B-00C04F79EFBC}") = "Bookify.Application", "Bookify.Application\Bookify.Application.csproj", "{A29A63E2-5CE9-4BC1-BBD2-52BE1BF79EC7}"
EndProject
Global
	GlobalSection(SolutionConfigurationPlatforms) = preSolution
		Debug|Any CPU = Debug|Any CPU
		Release|Any CPU = Release|Any CPU
	EndGlobalSection
	GlobalSection(ProjectConfigurationPlatforms) = postSolution
		{69477A50-3F80-4C51-B5E7-24CFBC0854F3}.Debug|Any CPU.ActiveCfg = Debug|Any CPU
		{69477A50-3F80-4C51-B5E7-24CFBC0854F3}.Debug|Any CPU.Build.0 = Debug|Any CPU
		{69477A50-3F80-4C51-B5E7-24CFBC0854F3}.Release|Any CPU.ActiveCfg = Release|Any CPU
		{69477A50-3F80-4C51-B5E7-24CFBC0854F3}.Release|Any CPU.Build.0 = Release|Any CPU
		{7A8ED386-8D3A-4C33-B0BC-3374748850AE}.Debug|Any CPU.ActiveCfg = Debug|Any CPU
		{7A8ED386-8D3A-4C33-B0BC-3374748850AE}.Debug|Any CPU.Build.0 = Debug|Any CPU
		{7A8ED386-8D3A-4C33-B0BC-3374748850AE}.Release|Any CPU.ActiveCfg = Release|Any CPU
		{7A8ED386-8D3A-4C33-B0BC-3374748850AE}.Release|Any CPU.Build.0 = Release|Any CPU
		{8EEA8E11-1DC1-4B79-9F35-DF6433450783}.Debug|Any CPU.ActiveCfg = Debug|Any CPU
		{8EEA8E11-1DC1-4B79-9F35-DF6433450783}.Debug|Any CPU.Build.0 = Debug|Any CPU
		{8EEA8E11-1DC1-4B79-9F35-DF6433450783}.Release|Any CPU.ActiveCfg = Release|Any CPU
		{8EEA8E11-1DC1-4B79-9F35-DF6433450783}.Release|Any CPU.Build.0 = Release|Any CPU
		{781641B2-2EF1-4CF3-B02A-2FD11EA7C25A}.Debug|Any CPU.ActiveCfg = Debug|Any CPU
		{781641B2-2EF1-4CF3-B02A-2FD11EA7C25A}.Debug|Any CPU.Build.0 = Debug|Any CPU
		{781641B2-2EF1-4CF3-B02A-2FD11EA7C25A}.Release|Any CPU.ActiveCfg = Release|Any CPU
		{781641B2-2EF1-4CF3-B02A-2FD11EA7C25A}.Release|Any CPU.Build.0 = Release|Any CPU
		{A29A63E2-5CE9-4BC1-BBD2-52BE1BF79EC7}.Debug|Any CPU.ActiveCfg = Debug|Any CPU
		{A29A63E2-5CE9-4BC1-BBD2-52BE1BF79EC7}.Debug|Any CPU.Build.0 = Debug|Any CPU
		{A29A63E2-5CE9-4BC1-BBD2-52BE1BF79EC7}.Release|Any CPU.ActiveCfg = Release|Any CPU
		{A29A63E2-5CE9-4BC1-BBD2-52BE1BF79EC7}.Release|Any CPU.Build.0 = Release|Any CPU
	EndGlobalSection
	GlobalSection(SolutionProperties) = preSolution
		HideSolutionNode = FALSE
	EndGlobalSection
	GlobalSection(NestedProjects) = preSolution
		{69477A50-3F80-4C51-B5E7-24CFBC0854F3} = {02EA681E-C7D8-13C7-8484-4AC65E1B71E8}
		{7A8ED386-8D3A-4C33-B0BC-3374748850AE} = {8A3FD60B-8552-4959-9F28-D62E6446DB79}
		{8EEA8E11-1DC1-4B79-9F35-DF6433450783} = {02EA681E-C7D8-13C7-8484-4AC65E1B71E8}
		{781641B2-2EF1-4CF3-B02A-2FD11EA7C25A} = {8A3FD60B-8552-4959-9F28-D62E6446DB79}
		{A29A63E2-5CE9-4BC1-BBD2-52BE1BF79EC7} = {02EA681E-C7D8-13C7-8484-4AC65E1B71E8}
	EndGlobalSection
	GlobalSection(ExtensibilityGlobals) = postSolution
		SolutionGuid = {8852C5FA-A343-489A-A7F6-657F9DB9288D}
	EndGlobalSection
EndGlobal
